
Microsoft Visual Studio Solution File, Format Version 12.00
# Visual Studio 15
VisualStudioVersion = 15.0.27130.2036
MinimumVisualStudioVersion = 10.0.40219.1
Project("{FAE04EC0-301F-11D3-BF4B-00C04F79EFBC}") = "VocTrainerCoreASP", "VocTrainerCoreASP\VocTrainerCoreASP.csproj", "{A30BE4AE-1535-4987-8C5F-3802CFF45739}"
EndProject
Global
	GlobalSection(SolutionConfigurationPlatforms) = preSolution
		Debug|Any CPU = Debug|Any CPU
		Release|Any CPU = Release|Any CPU
	EndGlobalSection
	GlobalSection(ProjectConfigurationPlatforms) = postSolution
		{A30BE4AE-1535-4987-8C5F-3802CFF45739}.Debug|Any CPU.ActiveCfg = Debug|Any CPU
		{A30BE4AE-1535-4987-8C5F-3802CFF45739}.Debug|Any CPU.Build.0 = Debug|Any CPU
		{A30BE4AE-1535-4987-8C5F-3802CFF45739}.Release|Any CPU.ActiveCfg = Release|Any CPU
		{A30BE4AE-1535-4987-8C5F-3802CFF45739}.Release|Any CPU.Build.0 = Release|Any CPU
	EndGlobalSection
	GlobalSection(SolutionProperties) = preSolution
		HideSolutionNode = FALSE
	EndGlobalSection
	GlobalSection(ExtensibilityGlobals) = postSolution
		SolutionGuid = {CC2B502A-64AD-43B9-B054-11A8A198CF07}
	EndGlobalSection
EndGlobal
